
Microsoft Visual Studio Solution File, Format Version 12.00
# Visual Studio 15
VisualStudioVersion = 15.0.27703.2047
MinimumVisualStudioVersion = 10.0.40219.1
Project("{2150E333-8FDC-42A3-9474-1A3956D46DE8}") = "Foundation", "Foundation", "{1EBC889B-FFB8-4471-8206-CA491C3FC687}"
EndProject
Project("{2150E333-8FDC-42A3-9474-1A3956D46DE8}") = "Multisite", "Multisite", "{D3761C78-40E5-4833-BAC0-792CC37987E1}"
EndProject
Project("{FAE04EC0-301F-11D3-BF4B-00C04F79EFBC}") = "Claro.Foundation.Multisite", "src\Foundation\Multisite\code\Claro.Foundation.Multisite.csproj", "{8E7DC4A4-58A5-4C23-9F3F-AF2CB2BFDA6F}"
EndProject
Project("{FAE04EC0-301F-11D3-BF4B-00C04F79EFBC}") = "Claro.Foundation.Multisite.Tests", "src\Foundation\Multisite\Tests\Claro.Foundation.Multisite.Tests.csproj", "{CFAF1696-F367-4EFC-9FFE-0458DE261FD1}"
EndProject
Project("{2150E333-8FDC-42A3-9474-1A3956D46DE8}") = "Indexing", "Indexing", "{99ABF399-D56F-4B12-9FAA-E38D8E9A4975}"
EndProject
Project("{FAE04EC0-301F-11D3-BF4B-00C04F79EFBC}") = "Claro.Foundation.Indexing", "src\Foundation\Indexing\code\Claro.Foundation.Indexing.csproj", "{7C506762-35E1-499E-B6D9-ED49E433186C}"
EndProject
Project("{FAE04EC0-301F-11D3-BF4B-00C04F79EFBC}") = "Claro.Foundation.Indexing.Tests", "src\Foundation\Indexing\Tests\Claro.Foundation.Indexing.Tests.csproj", "{4BE7A3AC-B1E4-400C-BCCB-B3516057C2DE}"
EndProject
Project("{2150E333-8FDC-42A3-9474-1A3956D46DE8}") = "Feature", "Feature", "{B6B67613-A760-4326-81CF-F205722A4517}"
EndProject
Project("{2150E333-8FDC-42A3-9474-1A3956D46DE8}") = "Blog", "Blog", "{2812E20F-F564-4F7A-A829-014E44252AD8}"
EndProject
Project("{FAE04EC0-301F-11D3-BF4B-00C04F79EFBC}") = "Claro.Feature.Blog", "src\Feature\Blog\code\Claro.Feature.Blog.csproj", "{F23EA6A3-B28E-4F91-AA88-3CCA2A9CC8E1}"
EndProject
Project("{FAE04EC0-301F-11D3-BF4B-00C04F79EFBC}") = "Claro.Feature.Blog.Tests", "src\Feature\Blog\Tests\Claro.Feature.Blog.Tests.csproj", "{23382B8F-F2F9-4F70-AD58-CE52B96FDC22}"
EndProject
Project("{2150E333-8FDC-42A3-9474-1A3956D46DE8}") = "Teaser", "Teaser", "{145961A8-5E6F-45E2-BCF0-6935EAB1E8FD}"
EndProject
Project("{FAE04EC0-301F-11D3-BF4B-00C04F79EFBC}") = "Claro.Feature.Teaser", "src\Feature\Teaser\code\Claro.Feature.Teaser.csproj", "{83878B87-BA0D-47F5-97C7-7F5420A0E878}"
EndProject
Project("{FAE04EC0-301F-11D3-BF4B-00C04F79EFBC}") = "Claro.Feature.Teaser.Tests", "src\Feature\Teaser\Tests\Claro.Feature.Teaser.Tests.csproj", "{FDAD751F-B5FF-40E9-AB85-8D2851795F96}"
EndProject
Project("{2150E333-8FDC-42A3-9474-1A3956D46DE8}") = "Social", "Social", "{D0A08068-ACD5-404E-A4FF-E632240E67AC}"
EndProject
Project("{FAE04EC0-301F-11D3-BF4B-00C04F79EFBC}") = "Claro.Feature.Social", "src\Feature\Social\code\Claro.Feature.Social.csproj", "{3E383683-8E7F-4FEC-98AB-36BF174D93F8}"
EndProject
Project("{FAE04EC0-301F-11D3-BF4B-00C04F79EFBC}") = "Claro.Feature.Social.Tests", "src\Feature\Social\Tests\Claro.Feature.Social.Tests.csproj", "{875E5BC5-0FD9-46DE-BC05-56D521118400}"
EndProject
Project("{2150E333-8FDC-42A3-9474-1A3956D46DE8}") = "Media", "Media", "{D91AF70E-C34F-421E-A3B9-4A2FECF57C6A}"
EndProject
Project("{FAE04EC0-301F-11D3-BF4B-00C04F79EFBC}") = "Claro.Feature.Media", "src\Feature\Media\code\Claro.Feature.Media.csproj", "{4A237BA0-8E4F-4326-90D5-C481258FDA93}"
EndProject
Project("{FAE04EC0-301F-11D3-BF4B-00C04F79EFBC}") = "Claro.Feature.Media.Tests", "src\Feature\Media\Tests\Claro.Feature.Media.Tests.csproj", "{10E79E76-5C8E-4F10-BE2E-2904E31E07F1}"
EndProject
Project("{2150E333-8FDC-42A3-9474-1A3956D46DE8}") = "Navigation", "Navigation", "{7D3AE7A0-6391-4DE6-872C-CF00273361B3}"
EndProject
Project("{FAE04EC0-301F-11D3-BF4B-00C04F79EFBC}") = "Claro.Feature.Navigation", "src\Feature\Navigation\code\Claro.Feature.Navigation.csproj", "{1160602D-F949-4B55-8246-36BDB89AC008}"
EndProject
Project("{FAE04EC0-301F-11D3-BF4B-00C04F79EFBC}") = "Claro.Feature.Navigation.Tests", "src\Feature\Navigation\Tests\Claro.Feature.Navigation.Tests.csproj", "{68A403F0-95C9-4004-8118-444987B116E5}"
EndProject
Project("{2150E333-8FDC-42A3-9474-1A3956D46DE8}") = "Identity", "Identity", "{6A13169B-A88E-4E24-AE72-7E59E7FC58A3}"
EndProject
Project("{FAE04EC0-301F-11D3-BF4B-00C04F79EFBC}") = "Claro.Feature.Identity", "src\Feature\Identity\code\Claro.Feature.Identity.csproj", "{594C30B5-18B3-4FF8-B46C-B23EA15D213A}"
EndProject
Project("{FAE04EC0-301F-11D3-BF4B-00C04F79EFBC}") = "Claro.Feature.Identity.Tests", "src\Feature\Identity\Tests\Claro.Feature.Identity.Tests.csproj", "{AD5FCEEC-7AB5-4497-81DC-6C12207A5B90}"
EndProject
Project("{2150E333-8FDC-42A3-9474-1A3956D46DE8}") = "Search", "Search", "{2A6178C1-E143-4424-A87D-C22BF0B91F31}"
EndProject
Project("{FAE04EC0-301F-11D3-BF4B-00C04F79EFBC}") = "Claro.Feature.Search", "src\Feature\Search\code\Claro.Feature.Search.csproj", "{EFBC75E2-2968-4961-9E91-A18E83D05098}"
EndProject
Project("{FAE04EC0-301F-11D3-BF4B-00C04F79EFBC}") = "Claro.Feature.Search.Tests", "src\Feature\Search\Tests\Claro.Feature.Search.Tests.csproj", "{84DD5F65-01EE-4FB5-8C26-F4F9B10EA700}"
EndProject
Project("{2150E333-8FDC-42A3-9474-1A3956D46DE8}") = "Project", "Project", "{8D1473D7-364D-4B3B-8354-2BBA475CA159}"
EndProject
Project("{2150E333-8FDC-42A3-9474-1A3956D46DE8}") = "Blog", "Blog", "{ACFD9B7C-2DD5-4554-B13B-6125C1FA0FF8}"
EndProject
Project("{FAE04EC0-301F-11D3-BF4B-00C04F79EFBC}") = "Claro.Blog.Web", "src\Project\Claro.Blog.Web\code\Claro.Blog.Web.csproj", "{D0E8D37D-3F61-4D46-B92C-099DF11DAB82}"
EndProject
Project("{2150E333-8FDC-42A3-9474-1A3956D46DE8}") = "Common", "Common", "{23FCD56F-C35F-4ABA-ADF4-C309F18E2C18}"
EndProject
Project("{FAE04EC0-301F-11D3-BF4B-00C04F79EFBC}") = "Claro.Common.Web", "src\Project\Claro.Common.Web\code\Claro.Common.Web.csproj", "{3719172D-0F02-4C5B-B9EC-DEBE34A04DD6}"
EndProject
Project("{2150E333-8FDC-42A3-9474-1A3956D46DE8}") = "Configuration", "Configuration", "{D94C33D4-48F3-4897-9116-F786E8092CEE}"
	ProjectSection(SolutionItems) = preProject
		NuGet.config = NuGet.config
	EndProjectSection
EndProject
Project("{2150E333-8FDC-42A3-9474-1A3956D46DE8}") = "DI", "DI", "{6BCCAB3B-2BAE-4CCD-B95F-A6CC3E26DEE2}"
EndProject
Project("{FAE04EC0-301F-11D3-BF4B-00C04F79EFBC}") = "Claro.Foundation.DI", "src\Foundation\DI\code\Claro.Foundation.DI.csproj", "{2387F325-2FDC-4943-8265-78C9F1D82AC9}"
EndProject
Project("{2150E333-8FDC-42A3-9474-1A3956D46DE8}") = "Core", "Core", "{3C3019DF-4201-4F0A-87E1-BB23A5EB4944}"
EndProject
Project("{FAE04EC0-301F-11D3-BF4B-00C04F79EFBC}") = "Claro.Foundation.Core", "src\Foundation\Core\code\Claro.Foundation.Core.csproj", "{E4CAEAF0-5C40-4748-8878-79AF9B3C767F}"
EndProject
Project("{2150E333-8FDC-42A3-9474-1A3956D46DE8}") = "ORM", "ORM", "{E1B9B2D4-6B1B-4525-8D4A-D2B7B257B117}"
EndProject
Project("{FAE04EC0-301F-11D3-BF4B-00C04F79EFBC}") = "Claro.Foundation.ORM", "src\Foundation\ORM\code\Claro.Foundation.ORM.csproj", "{D4607E53-0F4C-4CF3-B6F7-126E249F959F}"
EndProject
Project("{2150E333-8FDC-42A3-9474-1A3956D46DE8}") = "Serialization", "Serialization", "{81F7C43B-2ECE-4CFC-954F-BE154A34F4BB}"
EndProject
Project("{FAE04EC0-301F-11D3-BF4B-00C04F79EFBC}") = "Claro.Foundation.Serialization", "src\Foundation\Serialization\code\Claro.Foundation.Serialization.csproj", "{85F66B57-9A80-4B69-9FE9-75F94A1CF422}"
EndProject
Global
	GlobalSection(SolutionConfigurationPlatforms) = preSolution
		Debug|Any CPU = Debug|Any CPU
		Release|Any CPU = Release|Any CPU
	EndGlobalSection
	GlobalSection(ProjectConfigurationPlatforms) = postSolution
		{8E7DC4A4-58A5-4C23-9F3F-AF2CB2BFDA6F}.Debug|Any CPU.ActiveCfg = Debug|Any CPU
		{8E7DC4A4-58A5-4C23-9F3F-AF2CB2BFDA6F}.Debug|Any CPU.Build.0 = Debug|Any CPU
		{8E7DC4A4-58A5-4C23-9F3F-AF2CB2BFDA6F}.Release|Any CPU.ActiveCfg = Release|Any CPU
		{8E7DC4A4-58A5-4C23-9F3F-AF2CB2BFDA6F}.Release|Any CPU.Build.0 = Release|Any CPU
		{CFAF1696-F367-4EFC-9FFE-0458DE261FD1}.Debug|Any CPU.ActiveCfg = Debug|Any CPU
		{CFAF1696-F367-4EFC-9FFE-0458DE261FD1}.Debug|Any CPU.Build.0 = Debug|Any CPU
		{CFAF1696-F367-4EFC-9FFE-0458DE261FD1}.Release|Any CPU.ActiveCfg = Release|Any CPU
		{CFAF1696-F367-4EFC-9FFE-0458DE261FD1}.Release|Any CPU.Build.0 = Release|Any CPU
		{7C506762-35E1-499E-B6D9-ED49E433186C}.Debug|Any CPU.ActiveCfg = Debug|Any CPU
		{7C506762-35E1-499E-B6D9-ED49E433186C}.Debug|Any CPU.Build.0 = Debug|Any CPU
		{7C506762-35E1-499E-B6D9-ED49E433186C}.Release|Any CPU.ActiveCfg = Release|Any CPU
		{7C506762-35E1-499E-B6D9-ED49E433186C}.Release|Any CPU.Build.0 = Release|Any CPU
		{4BE7A3AC-B1E4-400C-BCCB-B3516057C2DE}.Debug|Any CPU.ActiveCfg = Debug|Any CPU
		{4BE7A3AC-B1E4-400C-BCCB-B3516057C2DE}.Debug|Any CPU.Build.0 = Debug|Any CPU
		{4BE7A3AC-B1E4-400C-BCCB-B3516057C2DE}.Release|Any CPU.ActiveCfg = Release|Any CPU
		{4BE7A3AC-B1E4-400C-BCCB-B3516057C2DE}.Release|Any CPU.Build.0 = Release|Any CPU
		{F23EA6A3-B28E-4F91-AA88-3CCA2A9CC8E1}.Debug|Any CPU.ActiveCfg = Debug|Any CPU
		{F23EA6A3-B28E-4F91-AA88-3CCA2A9CC8E1}.Debug|Any CPU.Build.0 = Debug|Any CPU
		{F23EA6A3-B28E-4F91-AA88-3CCA2A9CC8E1}.Release|Any CPU.ActiveCfg = Release|Any CPU
		{F23EA6A3-B28E-4F91-AA88-3CCA2A9CC8E1}.Release|Any CPU.Build.0 = Release|Any CPU
		{23382B8F-F2F9-4F70-AD58-CE52B96FDC22}.Debug|Any CPU.ActiveCfg = Debug|Any CPU
		{23382B8F-F2F9-4F70-AD58-CE52B96FDC22}.Debug|Any CPU.Build.0 = Debug|Any CPU
		{23382B8F-F2F9-4F70-AD58-CE52B96FDC22}.Release|Any CPU.ActiveCfg = Release|Any CPU
		{23382B8F-F2F9-4F70-AD58-CE52B96FDC22}.Release|Any CPU.Build.0 = Release|Any CPU
		{83878B87-BA0D-47F5-97C7-7F5420A0E878}.Debug|Any CPU.ActiveCfg = Debug|Any CPU
		{83878B87-BA0D-47F5-97C7-7F5420A0E878}.Debug|Any CPU.Build.0 = Debug|Any CPU
		{83878B87-BA0D-47F5-97C7-7F5420A0E878}.Release|Any CPU.ActiveCfg = Release|Any CPU
		{83878B87-BA0D-47F5-97C7-7F5420A0E878}.Release|Any CPU.Build.0 = Release|Any CPU
		{FDAD751F-B5FF-40E9-AB85-8D2851795F96}.Debug|Any CPU.ActiveCfg = Debug|Any CPU
		{FDAD751F-B5FF-40E9-AB85-8D2851795F96}.Debug|Any CPU.Build.0 = Debug|Any CPU
		{FDAD751F-B5FF-40E9-AB85-8D2851795F96}.Release|Any CPU.ActiveCfg = Release|Any CPU
		{FDAD751F-B5FF-40E9-AB85-8D2851795F96}.Release|Any CPU.Build.0 = Release|Any CPU
		{3E383683-8E7F-4FEC-98AB-36BF174D93F8}.Debug|Any CPU.ActiveCfg = Debug|Any CPU
		{3E383683-8E7F-4FEC-98AB-36BF174D93F8}.Debug|Any CPU.Build.0 = Debug|Any CPU
		{3E383683-8E7F-4FEC-98AB-36BF174D93F8}.Release|Any CPU.ActiveCfg = Release|Any CPU
		{3E383683-8E7F-4FEC-98AB-36BF174D93F8}.Release|Any CPU.Build.0 = Release|Any CPU
		{875E5BC5-0FD9-46DE-BC05-56D521118400}.Debug|Any CPU.ActiveCfg = Debug|Any CPU
		{875E5BC5-0FD9-46DE-BC05-56D521118400}.Debug|Any CPU.Build.0 = Debug|Any CPU
		{875E5BC5-0FD9-46DE-BC05-56D521118400}.Release|Any CPU.ActiveCfg = Release|Any CPU
		{875E5BC5-0FD9-46DE-BC05-56D521118400}.Release|Any CPU.Build.0 = Release|Any CPU
		{4A237BA0-8E4F-4326-90D5-C481258FDA93}.Debug|Any CPU.ActiveCfg = Debug|Any CPU
		{4A237BA0-8E4F-4326-90D5-C481258FDA93}.Debug|Any CPU.Build.0 = Debug|Any CPU
		{4A237BA0-8E4F-4326-90D5-C481258FDA93}.Release|Any CPU.ActiveCfg = Release|Any CPU
		{4A237BA0-8E4F-4326-90D5-C481258FDA93}.Release|Any CPU.Build.0 = Release|Any CPU
		{10E79E76-5C8E-4F10-BE2E-2904E31E07F1}.Debug|Any CPU.ActiveCfg = Debug|Any CPU
		{10E79E76-5C8E-4F10-BE2E-2904E31E07F1}.Debug|Any CPU.Build.0 = Debug|Any CPU
		{10E79E76-5C8E-4F10-BE2E-2904E31E07F1}.Release|Any CPU.ActiveCfg = Release|Any CPU
		{10E79E76-5C8E-4F10-BE2E-2904E31E07F1}.Release|Any CPU.Build.0 = Release|Any CPU
		{1160602D-F949-4B55-8246-36BDB89AC008}.Debug|Any CPU.ActiveCfg = Debug|Any CPU
		{1160602D-F949-4B55-8246-36BDB89AC008}.Debug|Any CPU.Build.0 = Debug|Any CPU
		{1160602D-F949-4B55-8246-36BDB89AC008}.Release|Any CPU.ActiveCfg = Release|Any CPU
		{1160602D-F949-4B55-8246-36BDB89AC008}.Release|Any CPU.Build.0 = Release|Any CPU
		{68A403F0-95C9-4004-8118-444987B116E5}.Debug|Any CPU.ActiveCfg = Debug|Any CPU
		{68A403F0-95C9-4004-8118-444987B116E5}.Debug|Any CPU.Build.0 = Debug|Any CPU
		{68A403F0-95C9-4004-8118-444987B116E5}.Release|Any CPU.ActiveCfg = Release|Any CPU
		{68A403F0-95C9-4004-8118-444987B116E5}.Release|Any CPU.Build.0 = Release|Any CPU
		{594C30B5-18B3-4FF8-B46C-B23EA15D213A}.Debug|Any CPU.ActiveCfg = Debug|Any CPU
		{594C30B5-18B3-4FF8-B46C-B23EA15D213A}.Debug|Any CPU.Build.0 = Debug|Any CPU
		{594C30B5-18B3-4FF8-B46C-B23EA15D213A}.Release|Any CPU.ActiveCfg = Release|Any CPU
		{594C30B5-18B3-4FF8-B46C-B23EA15D213A}.Release|Any CPU.Build.0 = Release|Any CPU
		{AD5FCEEC-7AB5-4497-81DC-6C12207A5B90}.Debug|Any CPU.ActiveCfg = Debug|Any CPU
		{AD5FCEEC-7AB5-4497-81DC-6C12207A5B90}.Debug|Any CPU.Build.0 = Debug|Any CPU
		{AD5FCEEC-7AB5-4497-81DC-6C12207A5B90}.Release|Any CPU.ActiveCfg = Release|Any CPU
		{AD5FCEEC-7AB5-4497-81DC-6C12207A5B90}.Release|Any CPU.Build.0 = Release|Any CPU
		{EFBC75E2-2968-4961-9E91-A18E83D05098}.Debug|Any CPU.ActiveCfg = Debug|Any CPU
		{EFBC75E2-2968-4961-9E91-A18E83D05098}.Debug|Any CPU.Build.0 = Debug|Any CPU
		{EFBC75E2-2968-4961-9E91-A18E83D05098}.Release|Any CPU.ActiveCfg = Release|Any CPU
		{EFBC75E2-2968-4961-9E91-A18E83D05098}.Release|Any CPU.Build.0 = Release|Any CPU
		{84DD5F65-01EE-4FB5-8C26-F4F9B10EA700}.Debug|Any CPU.ActiveCfg = Debug|Any CPU
		{84DD5F65-01EE-4FB5-8C26-F4F9B10EA700}.Debug|Any CPU.Build.0 = Debug|Any CPU
		{84DD5F65-01EE-4FB5-8C26-F4F9B10EA700}.Release|Any CPU.ActiveCfg = Release|Any CPU
		{84DD5F65-01EE-4FB5-8C26-F4F9B10EA700}.Release|Any CPU.Build.0 = Release|Any CPU
		{D0E8D37D-3F61-4D46-B92C-099DF11DAB82}.Debug|Any CPU.ActiveCfg = Debug|Any CPU
		{D0E8D37D-3F61-4D46-B92C-099DF11DAB82}.Debug|Any CPU.Build.0 = Debug|Any CPU
		{D0E8D37D-3F61-4D46-B92C-099DF11DAB82}.Release|Any CPU.ActiveCfg = Release|Any CPU
		{D0E8D37D-3F61-4D46-B92C-099DF11DAB82}.Release|Any CPU.Build.0 = Release|Any CPU
		{3719172D-0F02-4C5B-B9EC-DEBE34A04DD6}.Debug|Any CPU.ActiveCfg = Debug|Any CPU
		{3719172D-0F02-4C5B-B9EC-DEBE34A04DD6}.Debug|Any CPU.Build.0 = Debug|Any CPU
		{3719172D-0F02-4C5B-B9EC-DEBE34A04DD6}.Release|Any CPU.ActiveCfg = Release|Any CPU
		{3719172D-0F02-4C5B-B9EC-DEBE34A04DD6}.Release|Any CPU.Build.0 = Release|Any CPU
		{2387F325-2FDC-4943-8265-78C9F1D82AC9}.Debug|Any CPU.ActiveCfg = Debug|Any CPU
		{2387F325-2FDC-4943-8265-78C9F1D82AC9}.Debug|Any CPU.Build.0 = Debug|Any CPU
		{2387F325-2FDC-4943-8265-78C9F1D82AC9}.Release|Any CPU.ActiveCfg = Release|Any CPU
		{2387F325-2FDC-4943-8265-78C9F1D82AC9}.Release|Any CPU.Build.0 = Release|Any CPU
		{E4CAEAF0-5C40-4748-8878-79AF9B3C767F}.Debug|Any CPU.ActiveCfg = Debug|Any CPU
		{E4CAEAF0-5C40-4748-8878-79AF9B3C767F}.Debug|Any CPU.Build.0 = Debug|Any CPU
		{E4CAEAF0-5C40-4748-8878-79AF9B3C767F}.Release|Any CPU.ActiveCfg = Release|Any CPU
		{E4CAEAF0-5C40-4748-8878-79AF9B3C767F}.Release|Any CPU.Build.0 = Release|Any CPU
		{D4607E53-0F4C-4CF3-B6F7-126E249F959F}.Debug|Any CPU.ActiveCfg = Debug|Any CPU
		{D4607E53-0F4C-4CF3-B6F7-126E249F959F}.Debug|Any CPU.Build.0 = Debug|Any CPU
		{D4607E53-0F4C-4CF3-B6F7-126E249F959F}.Release|Any CPU.ActiveCfg = Release|Any CPU
		{D4607E53-0F4C-4CF3-B6F7-126E249F959F}.Release|Any CPU.Build.0 = Release|Any CPU
		{85F66B57-9A80-4B69-9FE9-75F94A1CF422}.Debug|Any CPU.ActiveCfg = Debug|Any CPU
		{85F66B57-9A80-4B69-9FE9-75F94A1CF422}.Debug|Any CPU.Build.0 = Debug|Any CPU
		{85F66B57-9A80-4B69-9FE9-75F94A1CF422}.Release|Any CPU.ActiveCfg = Release|Any CPU
		{85F66B57-9A80-4B69-9FE9-75F94A1CF422}.Release|Any CPU.Build.0 = Release|Any CPU
	EndGlobalSection
	GlobalSection(SolutionProperties) = preSolution
		HideSolutionNode = FALSE
	EndGlobalSection
	GlobalSection(NestedProjects) = preSolution
		{D3761C78-40E5-4833-BAC0-792CC37987E1} = {1EBC889B-FFB8-4471-8206-CA491C3FC687}
		{8E7DC4A4-58A5-4C23-9F3F-AF2CB2BFDA6F} = {D3761C78-40E5-4833-BAC0-792CC37987E1}
		{CFAF1696-F367-4EFC-9FFE-0458DE261FD1} = {D3761C78-40E5-4833-BAC0-792CC37987E1}
		{99ABF399-D56F-4B12-9FAA-E38D8E9A4975} = {1EBC889B-FFB8-4471-8206-CA491C3FC687}
		{7C506762-35E1-499E-B6D9-ED49E433186C} = {99ABF399-D56F-4B12-9FAA-E38D8E9A4975}
		{4BE7A3AC-B1E4-400C-BCCB-B3516057C2DE} = {99ABF399-D56F-4B12-9FAA-E38D8E9A4975}
		{2812E20F-F564-4F7A-A829-014E44252AD8} = {B6B67613-A760-4326-81CF-F205722A4517}
		{F23EA6A3-B28E-4F91-AA88-3CCA2A9CC8E1} = {2812E20F-F564-4F7A-A829-014E44252AD8}
		{23382B8F-F2F9-4F70-AD58-CE52B96FDC22} = {2812E20F-F564-4F7A-A829-014E44252AD8}
		{145961A8-5E6F-45E2-BCF0-6935EAB1E8FD} = {B6B67613-A760-4326-81CF-F205722A4517}
		{83878B87-BA0D-47F5-97C7-7F5420A0E878} = {145961A8-5E6F-45E2-BCF0-6935EAB1E8FD}
		{FDAD751F-B5FF-40E9-AB85-8D2851795F96} = {145961A8-5E6F-45E2-BCF0-6935EAB1E8FD}
		{D0A08068-ACD5-404E-A4FF-E632240E67AC} = {B6B67613-A760-4326-81CF-F205722A4517}
		{3E383683-8E7F-4FEC-98AB-36BF174D93F8} = {D0A08068-ACD5-404E-A4FF-E632240E67AC}
		{875E5BC5-0FD9-46DE-BC05-56D521118400} = {D0A08068-ACD5-404E-A4FF-E632240E67AC}
		{D91AF70E-C34F-421E-A3B9-4A2FECF57C6A} = {B6B67613-A760-4326-81CF-F205722A4517}
		{4A237BA0-8E4F-4326-90D5-C481258FDA93} = {D91AF70E-C34F-421E-A3B9-4A2FECF57C6A}
		{10E79E76-5C8E-4F10-BE2E-2904E31E07F1} = {D91AF70E-C34F-421E-A3B9-4A2FECF57C6A}
		{7D3AE7A0-6391-4DE6-872C-CF00273361B3} = {B6B67613-A760-4326-81CF-F205722A4517}
		{1160602D-F949-4B55-8246-36BDB89AC008} = {7D3AE7A0-6391-4DE6-872C-CF00273361B3}
		{68A403F0-95C9-4004-8118-444987B116E5} = {7D3AE7A0-6391-4DE6-872C-CF00273361B3}
		{6A13169B-A88E-4E24-AE72-7E59E7FC58A3} = {B6B67613-A760-4326-81CF-F205722A4517}
		{594C30B5-18B3-4FF8-B46C-B23EA15D213A} = {6A13169B-A88E-4E24-AE72-7E59E7FC58A3}
		{AD5FCEEC-7AB5-4497-81DC-6C12207A5B90} = {6A13169B-A88E-4E24-AE72-7E59E7FC58A3}
		{2A6178C1-E143-4424-A87D-C22BF0B91F31} = {B6B67613-A760-4326-81CF-F205722A4517}
		{EFBC75E2-2968-4961-9E91-A18E83D05098} = {2A6178C1-E143-4424-A87D-C22BF0B91F31}
		{84DD5F65-01EE-4FB5-8C26-F4F9B10EA700} = {2A6178C1-E143-4424-A87D-C22BF0B91F31}
		{ACFD9B7C-2DD5-4554-B13B-6125C1FA0FF8} = {8D1473D7-364D-4B3B-8354-2BBA475CA159}
		{D0E8D37D-3F61-4D46-B92C-099DF11DAB82} = {ACFD9B7C-2DD5-4554-B13B-6125C1FA0FF8}
		{23FCD56F-C35F-4ABA-ADF4-C309F18E2C18} = {8D1473D7-364D-4B3B-8354-2BBA475CA159}
		{3719172D-0F02-4C5B-B9EC-DEBE34A04DD6} = {23FCD56F-C35F-4ABA-ADF4-C309F18E2C18}
		{6BCCAB3B-2BAE-4CCD-B95F-A6CC3E26DEE2} = {1EBC889B-FFB8-4471-8206-CA491C3FC687}
		{2387F325-2FDC-4943-8265-78C9F1D82AC9} = {6BCCAB3B-2BAE-4CCD-B95F-A6CC3E26DEE2}
		{3C3019DF-4201-4F0A-87E1-BB23A5EB4944} = {1EBC889B-FFB8-4471-8206-CA491C3FC687}
		{E4CAEAF0-5C40-4748-8878-79AF9B3C767F} = {3C3019DF-4201-4F0A-87E1-BB23A5EB4944}
		{E1B9B2D4-6B1B-4525-8D4A-D2B7B257B117} = {1EBC889B-FFB8-4471-8206-CA491C3FC687}
		{D4607E53-0F4C-4CF3-B6F7-126E249F959F} = {E1B9B2D4-6B1B-4525-8D4A-D2B7B257B117}
		{81F7C43B-2ECE-4CFC-954F-BE154A34F4BB} = {1EBC889B-FFB8-4471-8206-CA491C3FC687}
		{85F66B57-9A80-4B69-9FE9-75F94A1CF422} = {81F7C43B-2ECE-4CFC-954F-BE154A34F4BB}
	EndGlobalSection
	GlobalSection(ExtensibilityGlobals) = postSolution
		SolutionGuid = {7B395D77-18C3-4A2A-8E03-85DC8F0240FA}
		EnterpriseLibraryConfigurationToolBinariesPathV6 = packages\EnterpriseLibrary.Common.6.0.1304.0\lib\NET45;packages\EnterpriseLibrary.TransientFaultHandling.6.0.1304.0\lib\portable-net45+win+wp8;packages\EnterpriseLibrary.TransientFaultHandling.Caching.6.0.1304.0\lib\NET45;packages\EnterpriseLibrary.TransientFaultHandling.Data.6.0.1304.1\lib\NET45;packages\EnterpriseLibrary.TransientFaultHandling.ServiceBus.6.0.1304.0\lib\NET45;packages\EnterpriseLibrary.TransientFaultHandling.WindowsAzure.Storage.6.0.1304.0\lib\NET45;packages\EnterpriseLibrary.TransientFaultHandling.Configuration.6.0.1304.0\lib\NET45
	EndGlobalSection
EndGlobal
